
Microsoft Visual Studio Solution File, Format Version 12.00
# Visual Studio Version 17
VisualStudioVersion = 17.4.33110.190
MinimumVisualStudioVersion = 10.0.40219.1
Project("{9A19103F-16F7-4668-BE54-9A1E7A4F7556}") = "RandomSelection", "RandomSelection\RandomSelection.csproj", "{FFD3EB28-CE3D-49CF-9D96-17101BC38C14}"
EndProject
Project("{9A19103F-16F7-4668-BE54-9A1E7A4F7556}") = "Testing.Unit", "Testing.Unit\Testing.Unit.csproj", "{B5A95145-CE9A-40E8-83A8-4EAA4D56EBB4}"
EndProject
Project("{2150E333-8FDC-42A3-9474-1A3956D46DE8}") = "Solution Items", "Solution Items", "{BB669BED-E162-4460-9DEB-DB91730093B4}"
	ProjectSection(SolutionItems) = preProject
		LICENSE = LICENSE
		README.md = README.md
	EndProjectSection
EndProject
Global
	GlobalSection(SolutionConfigurationPlatforms) = preSolution
		Debug|Any CPU = Debug|Any CPU
		Release|Any CPU = Release|Any CPU
	EndGlobalSection
	GlobalSection(ProjectConfigurationPlatforms) = postSolution
		{FFD3EB28-CE3D-49CF-9D96-17101BC38C14}.Debug|Any CPU.ActiveCfg = Debug|Any CPU
		{FFD3EB28-CE3D-49CF-9D96-17101BC38C14}.Debug|Any CPU.Build.0 = Debug|Any CPU
		{FFD3EB28-CE3D-49CF-9D96-17101BC38C14}.Release|Any CPU.ActiveCfg = Release|Any CPU
		{FFD3EB28-CE3D-49CF-9D96-17101BC38C14}.Release|Any CPU.Build.0 = Release|Any CPU
		{B5A95145-CE9A-40E8-83A8-4EAA4D56EBB4}.Debug|Any CPU.ActiveCfg = Debug|Any CPU
		{B5A95145-CE9A-40E8-83A8-4EAA4D56EBB4}.Debug|Any CPU.Build.0 = Debug|Any CPU
		{B5A95145-CE9A-40E8-83A8-4EAA4D56EBB4}.Release|Any CPU.ActiveCfg = Release|Any CPU
		{B5A95145-CE9A-40E8-83A8-4EAA4D56EBB4}.Release|Any CPU.Build.0 = Release|Any CPU
	EndGlobalSection
	GlobalSection(SolutionProperties) = preSolution
		HideSolutionNode = FALSE
	EndGlobalSection
	GlobalSection(ExtensibilityGlobals) = postSolution
		SolutionGuid = {EBFC1BBD-BF89-4DE5-BDEB-76393495B0C4}
	EndGlobalSection
EndGlobal
